
Microsoft Visual Studio Solution File, Format Version 12.00
# Visual Studio Version 16
VisualStudioVersion = 16.0.31205.134
MinimumVisualStudioVersion = 10.0.40219.1
Project("{8BC9CEB8-8B4A-11D0-8D11-00A0C91BC942}") = "circle-centroid-detection", "circle-centroid-detection\circle-centroid-detection.vcxproj", "{182E16E0-3533-45D5-AC53-2A092A5EEAEE}"
EndProject
Global
	GlobalSection(SolutionConfigurationPlatforms) = preSolution
		Debug|x64 = Debug|x64
		Debug|x86 = Debug|x86
		Release|x64 = Release|x64
		Release|x86 = Release|x86
	EndGlobalSection
	GlobalSection(ProjectConfigurationPlatforms) = postSolution
		{182E16E0-3533-45D5-AC53-2A092A5EEAEE}.Debug|x64.ActiveCfg = Debug|x64
		{182E16E0-3533-45D5-AC53-2A092A5EEAEE}.Debug|x64.Build.0 = Debug|x64
		{182E16E0-3533-45D5-AC53-2A092A5EEAEE}.Debug|x86.ActiveCfg = Debug|Win32
		{182E16E0-3533-45D5-AC53-2A092A5EEAEE}.Debug|x86.Build.0 = Debug|Win32
		{182E16E0-3533-45D5-AC53-2A092A5EEAEE}.Release|x64.ActiveCfg = Release|x64
		{182E16E0-3533-45D5-AC53-2A092A5EEAEE}.Release|x64.Build.0 = Release|x64
		{182E16E0-3533-45D5-AC53-2A092A5EEAEE}.Release|x86.ActiveCfg = Release|Win32
		{182E16E0-3533-45D5-AC53-2A092A5EEAEE}.Release|x86.Build.0 = Release|Win32
	EndGlobalSection
	GlobalSection(SolutionProperties) = preSolution
		HideSolutionNode = FALSE
	EndGlobalSection
	GlobalSection(ExtensibilityGlobals) = postSolution
		SolutionGuid = {71DFB315-7326-4155-8619-B1B30D18C348}
	EndGlobalSection
EndGlobal
